{
  "name": "@mistakster/rxjs-mongodb",
  "version": "2.0.0",
  "lockfileVersion": 1,
  "requires": true,
  "dependencies": {
    "@types/circular-json": {
      "version": "0.4.0",
      "resolved": "https://registry.npmjs.org/@types/circular-json/-/circular-json-0.4.0.tgz",
      "integrity": "sha512-7+kYB7x5a7nFWW1YPBh3KxhwKfiaI4PbZ1RvzBU91LZy7lWJO822CI+pqzSre/DZ7KsCuMKdHnLHHFu8AyXbQg==",
      "dev": true
    },
    "@types/stacktrace-js": {
      "version": "0.0.32",
      "resolved": "https://registry.npmjs.org/@types/stacktrace-js/-/stacktrace-js-0.0.32.tgz",
      "integrity": "sha512-SdxmlrHfO0BxgbBP9HZWMUo2rima8lwMjPiWm6S0dyKkDa5CseamktFhXg8umu3TPVBkSlX6ZoB5uUDJK89yvg==",
      "dev": true
    },
    "bson": {
      "version": "1.1.6",
      "resolved": "https://registry.npmjs.org/bson/-/bson-1.1.6.tgz",
      "integrity": "sha512-EvVNVeGo4tHxwi8L6bPj3y3itEvStdwvvlojVxxbyYfoaxJ6keLgrTuKdyfEAszFK+H3olzBuafE0yoh0D1gdg==",
      "dev": true
    },
    "circular-json": {
      "version": "0.5.9",
      "resolved": "https://registry.npmjs.org/circular-json/-/circular-json-0.5.9.tgz",
      "integrity": "sha512-4ivwqHpIFJZBuhN3g/pEcdbnGUywkBblloGbkglyloVjjR3uT6tieI89MVOfbP2tHX5sgb01FuLgAOzebNlJNQ==",
      "dev": true
    },
    "debug": {
      "version": "4.1.1",
      "resolved": "https://registry.npmjs.org/debug/-/debug-4.1.1.tgz",
      "integrity": "sha512-pYAIzeRo8J6KPEaJ0VWOh5Pzkbw/RetuzehGM7QRRX5he4fPHx2rdKMB256ehJCkX+XRQm16eZLqLNS8RSZXZw==",
      "requires": {
        "ms": "^2.1.1"
      }
    },
    "dotenv": {
      "version": "8.0.0",
      "resolved": "https://registry.npmjs.org/dotenv/-/dotenv-8.0.0.tgz",
      "integrity": "sha512-30xVGqjLjiUOArT4+M5q9sYdvuR4riM6yK9wMcas9Vbp6zZa+ocC9dp6QoftuhTPhFAiLK/0C5Ni2nou/Bk8lg==",
      "dev": true
    },
    "error-stack-parser": {
      "version": "2.0.2",
      "resolved": "https://registry.npmjs.org/error-stack-parser/-/error-stack-parser-2.0.2.tgz",
      "integrity": "sha512-E1fPutRDdIj/hohG0UpT5mayXNCxXP9d+snxFsPU9X0XgccOumKraa3juDMwTUyi7+Bu5+mCGagjg4IYeNbOdw==",
      "dev": true,
      "requires": {
        "stackframe": "^1.0.4"
      }
    },
    "mongodb": {
      "version": "3.3.0",
      "resolved": "https://registry.npmjs.org/mongodb/-/mongodb-3.3.0.tgz",
      "integrity": "sha512-QYa8YEN5uiJyIFdnn1vmBtiSveyygmQghsaL/RDnHqUzjGvkYe0vRg6UikCKba06cg6El/Lu7qzOYnR3vMhwlA==",
      "dev": true,
      "requires": {
        "bson": "^1.1.1",
        "require_optional": "^1.0.1",
        "safe-buffer": "^5.1.2"
      }
    },
    "ms": {
      "version": "2.1.1",
      "resolved": "https://registry.npmjs.org/ms/-/ms-2.1.1.tgz",
      "integrity": "sha512-tgp+dl5cGk28utYktBsrFqA7HKgrhgPsg6Z/EfhWI4gl1Hwq8B/GmY/0oXZ6nF8hDVesS/FpnYaD/kOWhYQvyg=="
    },
    "require_optional": {
      "version": "1.0.1",
      "resolved": "https://registry.npmjs.org/require_optional/-/require_optional-1.0.1.tgz",
      "integrity": "sha512-qhM/y57enGWHAe3v/NcwML6a3/vfESLe/sGM2dII+gEO0BpKRUkWZow/tyloNqJyN6kXSl3RyyM8Ll5D/sJP8g==",
      "dev": true,
      "requires": {
        "resolve-from": "^2.0.0",
        "semver": "^5.1.0"
      }
    },
    "resolve-from": {
      "version": "2.0.0",
      "resolved": "https://registry.npmjs.org/resolve-from/-/resolve-from-2.0.0.tgz",
      "integrity": "sha1-lICrIOlP+h2egKgEx+oUdhGWa1c=",
      "dev": true
    },
    "rxjs": {
      "version": "6.5.2",
      "resolved": "https://registry.npmjs.org/rxjs/-/rxjs-6.5.2.tgz",
      "integrity": "sha512-HUb7j3kvb7p7eCUHE3FqjoDsC1xfZQ4AHFWfTKSpZ+sAhhz5X1WX0ZuUqWbzB2QhSLp3DoLUG+hMdEDKqWo2Zg==",
      "dev": true,
      "requires": {
        "tslib": "^1.9.0"
      }
    },
    "rxjs-spy": {
      "version": "7.5.1",
      "resolved": "https://registry.npmjs.org/rxjs-spy/-/rxjs-spy-7.5.1.tgz",
      "integrity": "sha512-dJ9mO4HvW2r16PsU15Qsc0RVkG7pFrfyCNTGx3vrxWje3kIgZ6QjMVnWblQxbniZ32lwLk/2x9+D2O6GhgXV/w==",
      "dev": true,
      "requires": {
        "@types/circular-json": "^0.4.0",
        "@types/stacktrace-js": "^0.0.32",
        "circular-json": "^0.5.0",
        "error-stack-parser": "^2.0.1",
        "stacktrace-gps": "^3.0.2"
      }
    },
    "rxjs-stream": {
      "version": "3.0.2",
      "resolved": "https://registry.npmjs.org/rxjs-stream/-/rxjs-stream-3.0.2.tgz",
      "integrity": "sha512-DASSTemCVcghTvUGKd6g2QYQ1Y/tCKwxZ2Xj41+PH0GHRLQLknwLIIHtPfbK1Cb7aorf0jZXAe123oSMHXLn7Q==",
      "dev": true
    },
    "safe-buffer": {
      "version": "5.2.0",
      "resolved": "https://registry.npmjs.org/safe-buffer/-/safe-buffer-5.2.0.tgz",
      "integrity": "sha512-fZEwUGbVl7kouZs1jCdMLdt95hdIv0ZeHg6L7qPeciMZhZ+/gdesW4wgTARkrFWEpspjEATAzUGPG8N2jJiwbg==",
      "dev": true
    },
    "semver": {
      "version": "5.7.1",
      "resolved": "https://registry.npmjs.org/semver/-/semver-5.7.1.tgz",
      "integrity": "sha512-sauaDf/PZdVgrLTNYHRtpXa1iRiKcaebiKQ1BJdpQlWH2lCvexQdX55snPFyK7QzpudqbCI0qXFfOasHdyNDGQ==",
      "dev": true
    },
    "source-map": {
      "version": "0.5.6",
      "resolved": "https://registry.npmjs.org/source-map/-/source-map-0.5.6.tgz",
      "integrity": "sha1-dc449SvwczxafwwRjYEzSiu19BI=",
      "dev": true
    },
    "stackframe": {
      "version": "1.0.4",
      "resolved": "https://registry.npmjs.org/stackframe/-/stackframe-1.0.4.tgz",
      "integrity": "sha512-to7oADIniaYwS3MhtCa/sQhrxidCCQiF/qp4/m5iN3ipf0Y7Xlri0f6eG29r08aL7JYl8n32AF3Q5GYBZ7K8vw==",
      "dev": true
    },
    "stacktrace-gps": {
      "version": "3.0.2",
      "resolved": "https://registry.npmjs.org/stacktrace-gps/-/stacktrace-gps-3.0.2.tgz",
      "integrity": "sha512-9o+nWhiz5wFnrB3hBHs2PTyYrS60M1vvpSzHxwxnIbtY2q9Nt51hZvhrG1+2AxD374ecwyS+IUwfkHRE/2zuGg==",
      "dev": true,
      "requires": {
        "source-map": "0.5.6",
        "stackframe": "^1.0.4"
      }
    },
    "tslib": {
      "version": "1.10.0",
      "resolved": "https://registry.npmjs.org/tslib/-/tslib-1.10.0.tgz",
      "integrity": "sha512-qOebF53frne81cf0S9B41ByenJ3/IuH8yJKngAX35CmiZySA0khhkovshKK+jGCaMnVomla7gVlIcc3EvKPbTQ==",
      "dev": true
    }
  }
}
